
Microsoft Visual Studio Solution File, Format Version 12.00
# Visual Studio Version 16
VisualStudioVersion = 16.0.31019.35
MinimumVisualStudioVersion = 10.0.40219.1
Project("{FAE04EC0-301F-11D3-BF4B-00C04F79EFBC}") = "Tarea_Progra", "Tarea_Progra\Tarea_Progra.csproj", "{13E00BC9-A73B-4CBD-968F-ED1BD60AB95D}"
EndProject
Global
	GlobalSection(SolutionConfigurationPlatforms) = preSolution
		Debug|Any CPU = Debug|Any CPU
		Release|Any CPU = Release|Any CPU
	EndGlobalSection
	GlobalSection(ProjectConfigurationPlatforms) = postSolution
		{13E00BC9-A73B-4CBD-968F-ED1BD60AB95D}.Debug|Any CPU.ActiveCfg = Debug|Any CPU
		{13E00BC9-A73B-4CBD-968F-ED1BD60AB95D}.Debug|Any CPU.Build.0 = Debug|Any CPU
		{13E00BC9-A73B-4CBD-968F-ED1BD60AB95D}.Release|Any CPU.ActiveCfg = Release|Any CPU
		{13E00BC9-A73B-4CBD-968F-ED1BD60AB95D}.Release|Any CPU.Build.0 = Release|Any CPU
	EndGlobalSection
	GlobalSection(SolutionProperties) = preSolution
		HideSolutionNode = FALSE
	EndGlobalSection
	GlobalSection(ExtensibilityGlobals) = postSolution
		SolutionGuid = {0B5495CD-D272-461E-BDFA-1C56C1B40B5D}
	EndGlobalSection
EndGlobal
